// !$*UTF8*$!
{
	archiveVersion = 1;
	classes = {
	};
	objectVersion = 46;
	objects = {

/* Begin PBXBuildFile section */
		836BC21F1925D5F100B37E12 /* SailsBaseResponseSerializerTests.m in Sources */ = {isa = PBXBuildFile; fileRef = 836BC21E1925D5F100B37E12 /* SailsBaseResponseSerializerTests.m */; };
		836BC2211925DB0E00B37E12 /* SailsHTTPTests.m in Sources */ = {isa = PBXBuildFile; fileRef = 836BC2201925DB0E00B37E12 /* SailsHTTPTests.m */; };
		836BC2261925E07500B37E12 /* MockUser.m in Sources */ = {isa = PBXBuildFile; fileRef = 836BC2251925E07500B37E12 /* MockUser.m */; };
		836BC228192A8BE700B37E12 /* testSocket.m in Sources */ = {isa = PBXBuildFile; fileRef = 836BC227192A8BE700B37E12 /* testSocket.m */; };
		836BC22B192A953B00B37E12 /* MockPost.m in Sources */ = {isa = PBXBuildFile; fileRef = 836BC22A192A953B00B37E12 /* MockPost.m */; };
		836BC232192AD6AA00B37E12 /* Foundation.framework in Frameworks */ = {isa = PBXBuildFile; fileRef = 83B09059192333C900BBAA07 /* Foundation.framework */; };
		836BC28C192AD7C800B37E12 /* Foundation.framework in Frameworks */ = {isa = PBXBuildFile; fileRef = 83B09059192333C900BBAA07 /* Foundation.framework */; };
		836BC28D192AD7C800B37E12 /* CoreGraphics.framework in Frameworks */ = {isa = PBXBuildFile; fileRef = 83B0905B192333C900BBAA07 /* CoreGraphics.framework */; };
		836BC28E192AD7C800B37E12 /* UIKit.framework in Frameworks */ = {isa = PBXBuildFile; fileRef = 83B0905D192333C900BBAA07 /* UIKit.framework */; };
		836BC294192AD7C800B37E12 /* InfoPlist.strings in Resources */ = {isa = PBXBuildFile; fileRef = 836BC292192AD7C800B37E12 /* InfoPlist.strings */; };
		836BC296192AD7C800B37E12 /* main.m in Sources */ = {isa = PBXBuildFile; fileRef = 836BC295192AD7C800B37E12 /* main.m */; };
		836BC29A192AD7C800B37E12 /* AppDelegate.m in Sources */ = {isa = PBXBuildFile; fileRef = 836BC299192AD7C800B37E12 /* AppDelegate.m */; };
		836BC29D192AD7C800B37E12 /* Main.storyboard in Resources */ = {isa = PBXBuildFile; fileRef = 836BC29B192AD7C800B37E12 /* Main.storyboard */; };
		836BC2A0192AD7C800B37E12 /* ViewController.m in Sources */ = {isa = PBXBuildFile; fileRef = 836BC29F192AD7C800B37E12 /* ViewController.m */; };
		836BC2A2192AD7C800B37E12 /* Images.xcassets in Resources */ = {isa = PBXBuildFile; fileRef = 836BC2A1192AD7C800B37E12 /* Images.xcassets */; };
		836BC2CD192AD84B00B37E12 /* SailsBaseResponseSerializer.m in Sources */ = {isa = PBXBuildFile; fileRef = 836BC2C2192AD84B00B37E12 /* SailsBaseResponseSerializer.m */; };
		836BC2CE192AD84B00B37E12 /* SailsHTTP.m in Sources */ = {isa = PBXBuildFile; fileRef = 836BC2C4192AD84B00B37E12 /* SailsHTTP.m */; };
		836BC2CF192AD84B00B37E12 /* SailsIO.m in Sources */ = {isa = PBXBuildFile; fileRef = 836BC2C6192AD84B00B37E12 /* SailsIO.m */; };
		836BC2D0192AD84B00B37E12 /* SailsRouter.m in Sources */ = {isa = PBXBuildFile; fileRef = 836BC2C8192AD84B00B37E12 /* SailsRouter.m */; };
		836BC2D1192AD84B00B37E12 /* SailsSocket.m in Sources */ = {isa = PBXBuildFile; fileRef = 836BC2CB192AD84B00B37E12 /* SailsSocket.m */; };
		836BC2D3192AD8C600B37E12 /* libPods.a in Frameworks */ = {isa = PBXBuildFile; fileRef = 836BC2D2192AD8C600B37E12 /* libPods.a */; };
		8378648B192AD9D100242511 /* libPods.a in Frameworks */ = {isa = PBXBuildFile; fileRef = 8378648A192AD9D100242511 /* libPods.a */; };
		8378648D192ADC4B00242511 /* liblibSails.a in Frameworks */ = {isa = PBXBuildFile; fileRef = 836BC231192AD6AA00B37E12 /* liblibSails.a */; };
		83B09079192333C900BBAA07 /* XCTest.framework in Frameworks */ = {isa = PBXBuildFile; fileRef = 83B09078192333C900BBAA07 /* XCTest.framework */; };
		83B0907A192333C900BBAA07 /* Foundation.framework in Frameworks */ = {isa = PBXBuildFile; fileRef = 83B09059192333C900BBAA07 /* Foundation.framework */; };
		83B0907B192333C900BBAA07 /* UIKit.framework in Frameworks */ = {isa = PBXBuildFile; fileRef = 83B0905D192333C900BBAA07 /* UIKit.framework */; };
		83B09083192333C900BBAA07 /* InfoPlist.strings in Resources */ = {isa = PBXBuildFile; fileRef = 83B09081192333C900BBAA07 /* InfoPlist.strings */; };
		83B09085192333C900BBAA07 /* sails_iosTests.m in Sources */ = {isa = PBXBuildFile; fileRef = 83B09084192333C900BBAA07 /* sails_iosTests.m */; };
		83B0909719235EE800BBAA07 /* SailsRouterTests.m in Sources */ = {isa = PBXBuildFile; fileRef = 83B0909619235EE800BBAA07 /* SailsRouterTests.m */; };
/* End PBXBuildFile section */

/* Begin PBXContainerItemProxy section */
		836BC2D6192AD92D00B37E12 /* PBXContainerItemProxy */ = {
			isa = PBXContainerItemProxy;
			containerPortal = 83B0904E192333C900BBAA07 /* Project object */;
			proxyType = 1;
			remoteGlobalIDString = 836BC230192AD6AA00B37E12;
			remoteInfo = libSails;
		};
/* End PBXContainerItemProxy section */

/* Begin PBXCopyFilesBuildPhase section */
		836BC22F192AD6AA00B37E12 /* CopyFiles */ = {
			isa = PBXCopyFilesBuildPhase;
			buildActionMask = 2147483647;
			dstPath = "include/$(PRODUCT_NAME)";
			dstSubfolderSpec = 16;
			files = (
			);
			runOnlyForDeploymentPostprocessing = 0;
		};
/* End PBXCopyFilesBuildPhase section */

/* Begin PBXFileReference section */
		1277DB1D82A446AD83390C38 /* Pods.xcconfig */ = {isa = PBXFileReference; includeInIndex = 1; lastKnownFileType = text.xcconfig; name = Pods.xcconfig; path = Pods/Pods.xcconfig; sourceTree = "<group>"; };
		405042540C56493CB4327FA1 /* libPods.a */ = {isa = PBXFileReference; explicitFileType = archive.ar; includeInIndex = 0; path = libPods.a; sourceTree = BUILT_PRODUCTS_DIR; };
		836BC21E1925D5F100B37E12 /* SailsBaseResponseSerializerTests.m */ = {isa = PBXFileReference; fileEncoding = 4; lastKnownFileType = sourcecode.c.objc; path = SailsBaseResponseSerializerTests.m; sourceTree = "<group>"; };
		836BC2201925DB0E00B37E12 /* SailsHTTPTests.m */ = {isa = PBXFileReference; fileEncoding = 4; lastKnownFileType = sourcecode.c.objc; path = SailsHTTPTests.m; sourceTree = "<group>"; };
		836BC2241925E07500B37E12 /* MockUser.h */ = {isa = PBXFileReference; fileEncoding = 4; lastKnownFileType = sourcecode.c.h; path = MockUser.h; sourceTree = "<group>"; };
		836BC2251925E07500B37E12 /* MockUser.m */ = {isa = PBXFileReference; fileEncoding = 4; lastKnownFileType = sourcecode.c.objc; path = MockUser.m; sourceTree = "<group>"; };
		836BC227192A8BE700B37E12 /* testSocket.m */ = {isa = PBXFileReference; fileEncoding = 4; lastKnownFileType = sourcecode.c.objc; path = testSocket.m; sourceTree = "<group>"; };
		836BC229192A953B00B37E12 /* MockPost.h */ = {isa = PBXFileReference; fileEncoding = 4; lastKnownFileType = sourcecode.c.h; path = MockPost.h; sourceTree = "<group>"; };
		836BC22A192A953B00B37E12 /* MockPost.m */ = {isa = PBXFileReference; fileEncoding = 4; lastKnownFileType = sourcecode.c.objc; path = MockPost.m; sourceTree = "<group>"; };
		836BC231192AD6AA00B37E12 /* liblibSails.a */ = {isa = PBXFileReference; explicitFileType = archive.ar; includeInIndex = 0; path = liblibSails.a; sourceTree = BUILT_PRODUCTS_DIR; };
		836BC235192AD6AA00B37E12 /* libSails-Prefix.pch */ = {isa = PBXFileReference; lastKnownFileType = sourcecode.c.h; name = "libSails-Prefix.pch"; path = "libSails/libSails-Prefix.pch"; sourceTree = "<group>"; };
		836BC28B192AD7C800B37E12 /* example.app */ = {isa = PBXFileReference; explicitFileType = wrapper.application; includeInIndex = 0; path = example.app; sourceTree = BUILT_PRODUCTS_DIR; };
		836BC291192AD7C800B37E12 /* example-Info.plist */ = {isa = PBXFileReference; lastKnownFileType = text.plist.xml; path = "example-Info.plist"; sourceTree = "<group>"; };
		836BC293192AD7C800B37E12 /* en */ = {isa = PBXFileReference; lastKnownFileType = text.plist.strings; name = en; path = en.lproj/InfoPlist.strings; sourceTree = "<group>"; };
		836BC295192AD7C800B37E12 /* main.m */ = {isa = PBXFileReference; lastKnownFileType = sourcecode.c.objc; path = main.m; sourceTree = "<group>"; };
		836BC297192AD7C800B37E12 /* example-Prefix.pch */ = {isa = PBXFileReference; lastKnownFileType = sourcecode.c.h; path = "example-Prefix.pch"; sourceTree = "<group>"; };
		836BC298192AD7C800B37E12 /* AppDelegate.h */ = {isa = PBXFileReference; lastKnownFileType = sourcecode.c.h; path = AppDelegate.h; sourceTree = "<group>"; };
		836BC299192AD7C800B37E12 /* AppDelegate.m */ = {isa = PBXFileReference; lastKnownFileType = sourcecode.c.objc; path = AppDelegate.m; sourceTree = "<group>"; };
		836BC29C192AD7C800B37E12 /* Base */ = {isa = PBXFileReference; lastKnownFileType = file.storyboard; name = Base; path = Base.lproj/Main.storyboard; sourceTree = "<group>"; };
		836BC29E192AD7C800B37E12 /* ViewController.h */ = {isa = PBXFileReference; lastKnownFileType = sourcecode.c.h; path = ViewController.h; sourceTree = "<group>"; };
		836BC29F192AD7C800B37E12 /* ViewController.m */ = {isa = PBXFileReference; lastKnownFileType = sourcecode.c.objc; path = ViewController.m; sourceTree = "<group>"; };
		836BC2A1192AD7C800B37E12 /* Images.xcassets */ = {isa = PBXFileReference; lastKnownFileType = folder.assetcatalog; path = Images.xcassets; sourceTree = "<group>"; };
		836BC2C1192AD84B00B37E12 /* SailsBaseResponseSerializer.h */ = {isa = PBXFileReference; fileEncoding = 4; lastKnownFileType = sourcecode.c.h; name = SailsBaseResponseSerializer.h; path = libSails/SailsBaseResponseSerializer.h; sourceTree = SOURCE_ROOT; };
		836BC2C2192AD84B00B37E12 /* SailsBaseResponseSerializer.m */ = {isa = PBXFileReference; fileEncoding = 4; lastKnownFileType = sourcecode.c.objc; name = SailsBaseResponseSerializer.m; path = libSails/SailsBaseResponseSerializer.m; sourceTree = SOURCE_ROOT; };
		836BC2C3192AD84B00B37E12 /* SailsHTTP.h */ = {isa = PBXFileReference; fileEncoding = 4; lastKnownFileType = sourcecode.c.h; name = SailsHTTP.h; path = libSails/SailsHTTP.h; sourceTree = SOURCE_ROOT; };
		836BC2C4192AD84B00B37E12 /* SailsHTTP.m */ = {isa = PBXFileReference; fileEncoding = 4; lastKnownFileType = sourcecode.c.objc; name = SailsHTTP.m; path = libSails/SailsHTTP.m; sourceTree = SOURCE_ROOT; };
		836BC2C5192AD84B00B37E12 /* SailsIO.h */ = {isa = PBXFileReference; fileEncoding = 4; lastKnownFileType = sourcecode.c.h; name = SailsIO.h; path = libSails/SailsIO.h; sourceTree = SOURCE_ROOT; };
		836BC2C6192AD84B00B37E12 /* SailsIO.m */ = {isa = PBXFileReference; fileEncoding = 4; lastKnownFileType = sourcecode.c.objc; name = SailsIO.m; path = libSails/SailsIO.m; sourceTree = SOURCE_ROOT; };
		836BC2C7192AD84B00B37E12 /* SailsRouter.h */ = {isa = PBXFileReference; fileEncoding = 4; lastKnownFileType = sourcecode.c.h; name = SailsRouter.h; path = libSails/SailsRouter.h; sourceTree = SOURCE_ROOT; };
		836BC2C8192AD84B00B37E12 /* SailsRouter.m */ = {isa = PBXFileReference; fileEncoding = 4; lastKnownFileType = sourcecode.c.objc; name = SailsRouter.m; path = libSails/SailsRouter.m; sourceTree = SOURCE_ROOT; };
		836BC2C9192AD84B00B37E12 /* SailsSerializable.h */ = {isa = PBXFileReference; fileEncoding = 4; lastKnownFileType = sourcecode.c.h; name = SailsSerializable.h; path = libSails/SailsSerializable.h; sourceTree = SOURCE_ROOT; };
		836BC2CA192AD84B00B37E12 /* SailsSocket.h */ = {isa = PBXFileReference; fileEncoding = 4; lastKnownFileType = sourcecode.c.h; name = SailsSocket.h; path = libSails/SailsSocket.h; sourceTree = SOURCE_ROOT; };
		836BC2CB192AD84B00B37E12 /* SailsSocket.m */ = {isa = PBXFileReference; fileEncoding = 4; lastKnownFileType = sourcecode.c.objc; name = SailsSocket.m; path = libSails/SailsSocket.m; sourceTree = SOURCE_ROOT; };
		836BC2CC192AD84B00B37E12 /* SailsTransportProtocol.h */ = {isa = PBXFileReference; fileEncoding = 4; lastKnownFileType = sourcecode.c.h; name = SailsTransportProtocol.h; path = libSails/SailsTransportProtocol.h; sourceTree = SOURCE_ROOT; };
		836BC2D2192AD8C600B37E12 /* libPods.a */ = {isa = PBXFileReference; lastKnownFileType = archive.ar; name = libPods.a; path = "Pods/build/Debug-iphoneos/libPods.a"; sourceTree = "<group>"; };
		8378648A192AD9D100242511 /* libPods.a */ = {isa = PBXFileReference; lastKnownFileType = archive.ar; name = libPods.a; path = "Pods/build/Debug-iphoneos/libPods.a"; sourceTree = "<group>"; };
		83B09059192333C900BBAA07 /* Foundation.framework */ = {isa = PBXFileReference; lastKnownFileType = wrapper.framework; name = Foundation.framework; path = System/Library/Frameworks/Foundation.framework; sourceTree = SDKROOT; };
		83B0905B192333C900BBAA07 /* CoreGraphics.framework */ = {isa = PBXFileReference; lastKnownFileType = wrapper.framework; name = CoreGraphics.framework; path = System/Library/Frameworks/CoreGraphics.framework; sourceTree = SDKROOT; };
		83B0905D192333C900BBAA07 /* UIKit.framework */ = {isa = PBXFileReference; lastKnownFileType = wrapper.framework; name = UIKit.framework; path = System/Library/Frameworks/UIKit.framework; sourceTree = SDKROOT; };
		83B09077192333C900BBAA07 /* sails.iosTests.xctest */ = {isa = PBXFileReference; explicitFileType = wrapper.cfbundle; includeInIndex = 0; path = sails.iosTests.xctest; sourceTree = BUILT_PRODUCTS_DIR; };
		83B09078192333C900BBAA07 /* XCTest.framework */ = {isa = PBXFileReference; lastKnownFileType = wrapper.framework; name = XCTest.framework; path = Library/Frameworks/XCTest.framework; sourceTree = DEVELOPER_DIR; };
		83B09080192333C900BBAA07 /* sails.iosTests-Info.plist */ = {isa = PBXFileReference; lastKnownFileType = text.plist.xml; path = "sails.iosTests-Info.plist"; sourceTree = "<group>"; };
		83B09082192333C900BBAA07 /* en */ = {isa = PBXFileReference; lastKnownFileType = text.plist.strings; name = en; path = en.lproj/InfoPlist.strings; sourceTree = "<group>"; };
		83B09084192333C900BBAA07 /* sails_iosTests.m */ = {isa = PBXFileReference; lastKnownFileType = sourcecode.c.objc; path = sails_iosTests.m; sourceTree = "<group>"; };
		83B0909619235EE800BBAA07 /* SailsRouterTests.m */ = {isa = PBXFileReference; fileEncoding = 4; lastKnownFileType = sourcecode.c.objc; path = SailsRouterTests.m; sourceTree = "<group>"; };
/* End PBXFileReference section */

/* Begin PBXFrameworksBuildPhase section */
		836BC22E192AD6AA00B37E12 /* Frameworks */ = {
			isa = PBXFrameworksBuildPhase;
			buildActionMask = 2147483647;
			files = (
				836BC2D3192AD8C600B37E12 /* libPods.a in Frameworks */,
				836BC232192AD6AA00B37E12 /* Foundation.framework in Frameworks */,
			);
			runOnlyForDeploymentPostprocessing = 0;
		};
		836BC288192AD7C800B37E12 /* Frameworks */ = {
			isa = PBXFrameworksBuildPhase;
			buildActionMask = 2147483647;
			files = (
				8378648D192ADC4B00242511 /* liblibSails.a in Frameworks */,
				836BC28D192AD7C800B37E12 /* CoreGraphics.framework in Frameworks */,
				836BC28E192AD7C800B37E12 /* UIKit.framework in Frameworks */,
				836BC28C192AD7C800B37E12 /* Foundation.framework in Frameworks */,
			);
			runOnlyForDeploymentPostprocessing = 0;
		};
		83B09074192333C900BBAA07 /* Frameworks */ = {
			isa = PBXFrameworksBuildPhase;
			buildActionMask = 2147483647;
			files = (
				8378648B192AD9D100242511 /* libPods.a in Frameworks */,
				83B09079192333C900BBAA07 /* XCTest.framework in Frameworks */,
				83B0907B192333C900BBAA07 /* UIKit.framework in Frameworks */,
				83B0907A192333C900BBAA07 /* Foundation.framework in Frameworks */,
			);
			runOnlyForDeploymentPostprocessing = 0;
		};
/* End PBXFrameworksBuildPhase section */

/* Begin PBXGroup section */
		836BC22C192A956300B37E12 /* Mock Objects */ = {
			isa = PBXGroup;
			children = (
				836BC2241925E07500B37E12 /* MockUser.h */,
				836BC2251925E07500B37E12 /* MockUser.m */,
				836BC229192A953B00B37E12 /* MockPost.h */,
				836BC22A192A953B00B37E12 /* MockPost.m */,
			);
			name = "Mock Objects";
			sourceTree = "<group>";
		};
		836BC28F192AD7C800B37E12 /* example */ = {
			isa = PBXGroup;
			children = (
				836BC298192AD7C800B37E12 /* AppDelegate.h */,
				836BC299192AD7C800B37E12 /* AppDelegate.m */,
				836BC29B192AD7C800B37E12 /* Main.storyboard */,
				836BC29E192AD7C800B37E12 /* ViewController.h */,
				836BC29F192AD7C800B37E12 /* ViewController.m */,
				836BC2A1192AD7C800B37E12 /* Images.xcassets */,
				836BC290192AD7C800B37E12 /* Supporting Files */,
			);
			path = example;
			sourceTree = "<group>";
		};
		836BC290192AD7C800B37E12 /* Supporting Files */ = {
			isa = PBXGroup;
			children = (
				836BC291192AD7C800B37E12 /* example-Info.plist */,
				836BC292192AD7C800B37E12 /* InfoPlist.strings */,
				836BC295192AD7C800B37E12 /* main.m */,
				836BC297192AD7C800B37E12 /* example-Prefix.pch */,
			);
			name = "Supporting Files";
			sourceTree = "<group>";
		};
		836BC2C0192AD83500B37E12 /* src */ = {
			isa = PBXGroup;
			children = (
				836BC235192AD6AA00B37E12 /* libSails-Prefix.pch */,
				836BC2C1192AD84B00B37E12 /* SailsBaseResponseSerializer.h */,
				836BC2C2192AD84B00B37E12 /* SailsBaseResponseSerializer.m */,
				836BC2C3192AD84B00B37E12 /* SailsHTTP.h */,
				836BC2C4192AD84B00B37E12 /* SailsHTTP.m */,
				836BC2C5192AD84B00B37E12 /* SailsIO.h */,
				836BC2C6192AD84B00B37E12 /* SailsIO.m */,
				836BC2C7192AD84B00B37E12 /* SailsRouter.h */,
				836BC2C8192AD84B00B37E12 /* SailsRouter.m */,
				836BC2C9192AD84B00B37E12 /* SailsSerializable.h */,
				836BC2CA192AD84B00B37E12 /* SailsSocket.h */,
				836BC2CB192AD84B00B37E12 /* SailsSocket.m */,
				836BC2CC192AD84B00B37E12 /* SailsTransportProtocol.h */,
			);
			name = src;
			sourceTree = "<group>";
		};
		83B0904D192333C900BBAA07 = {
			isa = PBXGroup;
			children = (
				83B0905F192333C900BBAA07 /* sails.ios */,
				83B0907E192333C900BBAA07 /* tests */,
				836BC28F192AD7C800B37E12 /* example */,
				83B09058192333C900BBAA07 /* Frameworks */,
				83B09057192333C900BBAA07 /* Products */,
				1277DB1D82A446AD83390C38 /* Pods.xcconfig */,
			);
			sourceTree = "<group>";
		};
		83B09057192333C900BBAA07 /* Products */ = {
			isa = PBXGroup;
			children = (
				83B09077192333C900BBAA07 /* sails.iosTests.xctest */,
				836BC231192AD6AA00B37E12 /* liblibSails.a */,
				836BC28B192AD7C800B37E12 /* example.app */,
			);
			name = Products;
			sourceTree = "<group>";
		};
		83B09058192333C900BBAA07 /* Frameworks */ = {
			isa = PBXGroup;
			children = (
				8378648A192AD9D100242511 /* libPods.a */,
				836BC2D2192AD8C600B37E12 /* libPods.a */,
				83B09059192333C900BBAA07 /* Foundation.framework */,
				83B0905B192333C900BBAA07 /* CoreGraphics.framework */,
				83B0905D192333C900BBAA07 /* UIKit.framework */,
				83B09078192333C900BBAA07 /* XCTest.framework */,
				405042540C56493CB4327FA1 /* libPods.a */,
			);
			name = Frameworks;
			sourceTree = "<group>";
		};
		83B0905F192333C900BBAA07 /* sails.ios */ = {
			isa = PBXGroup;
			children = (
				836BC2C0192AD83500B37E12 /* src */,
			);
			path = sails.ios;
			sourceTree = "<group>";
		};
		83B0907E192333C900BBAA07 /* tests */ = {
			isa = PBXGroup;
			children = (
				836BC22C192A956300B37E12 /* Mock Objects */,
				83B0907F192333C900BBAA07 /* Supporting Files */,
				83B09084192333C900BBAA07 /* sails_iosTests.m */,
				83B0909619235EE800BBAA07 /* SailsRouterTests.m */,
				836BC21E1925D5F100B37E12 /* SailsBaseResponseSerializerTests.m */,
				836BC2201925DB0E00B37E12 /* SailsHTTPTests.m */,
				836BC227192A8BE700B37E12 /* testSocket.m */,
			);
			name = tests;
			path = sails.iosTests;
			sourceTree = "<group>";
		};
		83B0907F192333C900BBAA07 /* Supporting Files */ = {
			isa = PBXGroup;
			children = (
				83B09080192333C900BBAA07 /* sails.iosTests-Info.plist */,
				83B09081192333C900BBAA07 /* InfoPlist.strings */,
			);
			name = "Supporting Files";
			sourceTree = "<group>";
		};
/* End PBXGroup section */

/* Begin PBXNativeTarget section */
		836BC230192AD6AA00B37E12 /* libSails */ = {
			isa = PBXNativeTarget;
			buildConfigurationList = 836BC24D192AD6AA00B37E12 /* Build configuration list for PBXNativeTarget "libSails" */;
			buildPhases = (
				836BC22D192AD6AA00B37E12 /* Sources */,
				836BC22E192AD6AA00B37E12 /* Frameworks */,
				836BC22F192AD6AA00B37E12 /* CopyFiles */,
			);
			buildRules = (
			);
			dependencies = (
			);
			name = libSails;
			productName = libSails;
			productReference = 836BC231192AD6AA00B37E12 /* liblibSails.a */;
			productType = "com.apple.product-type.library.static";
		};
		836BC28A192AD7C800B37E12 /* example */ = {
			isa = PBXNativeTarget;
			buildConfigurationList = 836BC2B5192AD7C900B37E12 /* Build configuration list for PBXNativeTarget "example" */;
			buildPhases = (
				836BC287192AD7C800B37E12 /* Sources */,
				836BC288192AD7C800B37E12 /* Frameworks */,
				836BC289192AD7C800B37E12 /* Resources */,
			);
			buildRules = (
			);
			dependencies = (
				836BC2D7192AD92D00B37E12 /* PBXTargetDependency */,
			);
			name = example;
			productName = example;
			productReference = 836BC28B192AD7C800B37E12 /* example.app */;
			productType = "com.apple.product-type.application";
		};
		83B09076192333C900BBAA07 /* sails.iosTests */ = {
			isa = PBXNativeTarget;
			buildConfigurationList = 83B0908B192333C900BBAA07 /* Build configuration list for PBXNativeTarget "sails.iosTests" */;
			buildPhases = (
				83B09073192333C900BBAA07 /* Sources */,
				83B09074192333C900BBAA07 /* Frameworks */,
				83B09075192333C900BBAA07 /* Resources */,
			);
			buildRules = (
			);
			dependencies = (
			);
			name = sails.iosTests;
			productName = sails.iosTests;
			productReference = 83B09077192333C900BBAA07 /* sails.iosTests.xctest */;
			productType = "com.apple.product-type.bundle.unit-test";
		};
/* End PBXNativeTarget section */

/* Begin PBXProject section */
		83B0904E192333C900BBAA07 /* Project object */ = {
			isa = PBXProject;
			attributes = {
				LastUpgradeCheck = 0510;
				ORGANIZATIONNAME = eunoia;
				TargetAttributes = {
					83B09076192333C900BBAA07 = {
						TestTargetID = 83B09055192333C900BBAA07;
					};
				};
			};
			buildConfigurationList = 83B09051192333C900BBAA07 /* Build configuration list for PBXProject "sails.ios" */;
			compatibilityVersion = "Xcode 3.2";
			developmentRegion = English;
			hasScannedForEncodings = 0;
			knownRegions = (
				en,
				Base,
			);
			mainGroup = 83B0904D192333C900BBAA07;
			productRefGroup = 83B09057192333C900BBAA07 /* Products */;
			projectDirPath = "";
			projectRoot = "";
			targets = (
				836BC230192AD6AA00B37E12 /* libSails */,
				83B09076192333C900BBAA07 /* sails.iosTests */,
				836BC28A192AD7C800B37E12 /* example */,
			);
		};
/* End PBXProject section */

/* Begin PBXResourcesBuildPhase section */
		836BC289192AD7C800B37E12 /* Resources */ = {
			isa = PBXResourcesBuildPhase;
			buildActionMask = 2147483647;
			files = (
				836BC2A2192AD7C800B37E12 /* Images.xcassets in Resources */,
				836BC294192AD7C800B37E12 /* InfoPlist.strings in Resources */,
				836BC29D192AD7C800B37E12 /* Main.storyboard in Resources */,
			);
			runOnlyForDeploymentPostprocessing = 0;
		};
		83B09075192333C900BBAA07 /* Resources */ = {
			isa = PBXResourcesBuildPhase;
			buildActionMask = 2147483647;
			files = (
				83B09083192333C900BBAA07 /* InfoPlist.strings in Resources */,
			);
			runOnlyForDeploymentPostprocessing = 0;
		};
/* End PBXResourcesBuildPhase section */

/* Begin PBXSourcesBuildPhase section */
		836BC22D192AD6AA00B37E12 /* Sources */ = {
			isa = PBXSourcesBuildPhase;
			buildActionMask = 2147483647;
			files = (
				836BC2CF192AD84B00B37E12 /* SailsIO.m in Sources */,
				836BC2CD192AD84B00B37E12 /* SailsBaseResponseSerializer.m in Sources */,
				836BC2CE192AD84B00B37E12 /* SailsHTTP.m in Sources */,
				836BC2D1192AD84B00B37E12 /* SailsSocket.m in Sources */,
				836BC2D0192AD84B00B37E12 /* SailsRouter.m in Sources */,
			);
			runOnlyForDeploymentPostprocessing = 0;
		};
		836BC287192AD7C800B37E12 /* Sources */ = {
			isa = PBXSourcesBuildPhase;
			buildActionMask = 2147483647;
			files = (
				836BC2A0192AD7C800B37E12 /* ViewController.m in Sources */,
				836BC29A192AD7C800B37E12 /* AppDelegate.m in Sources */,
				836BC296192AD7C800B37E12 /* main.m in Sources */,
			);
			runOnlyForDeploymentPostprocessing = 0;
		};
		83B09073192333C900BBAA07 /* Sources */ = {
			isa = PBXSourcesBuildPhase;
			buildActionMask = 2147483647;
			files = (
				836BC21F1925D5F100B37E12 /* SailsBaseResponseSerializerTests.m in Sources */,
				83B09085192333C900BBAA07 /* sails_iosTests.m in Sources */,
				836BC22B192A953B00B37E12 /* MockPost.m in Sources */,
				836BC2211925DB0E00B37E12 /* SailsHTTPTests.m in Sources */,
				836BC2261925E07500B37E12 /* MockUser.m in Sources */,
				836BC228192A8BE700B37E12 /* testSocket.m in Sources */,
				83B0909719235EE800BBAA07 /* SailsRouterTests.m in Sources */,
			);
			runOnlyForDeploymentPostprocessing = 0;
		};
/* End PBXSourcesBuildPhase section */

/* Begin PBXTargetDependency section */
		836BC2D7192AD92D00B37E12 /* PBXTargetDependency */ = {
			isa = PBXTargetDependency;
			target = 836BC230192AD6AA00B37E12 /* libSails */;
			targetProxy = 836BC2D6192AD92D00B37E12 /* PBXContainerItemProxy */;
		};
/* End PBXTargetDependency section */

/* Begin PBXVariantGroup section */
		836BC292192AD7C800B37E12 /* InfoPlist.strings */ = {
			isa = PBXVariantGroup;
			children = (
				836BC293192AD7C800B37E12 /* en */,
			);
			name = InfoPlist.strings;
			sourceTree = "<group>";
		};
		836BC29B192AD7C800B37E12 /* Main.storyboard */ = {
			isa = PBXVariantGroup;
			children = (
				836BC29C192AD7C800B37E12 /* Base */,
			);
			name = Main.storyboard;
			sourceTree = "<group>";
		};
		83B09081192333C900BBAA07 /* InfoPlist.strings */ = {
			isa = PBXVariantGroup;
			children = (
				83B09082192333C900BBAA07 /* en */,
			);
			name = InfoPlist.strings;
			sourceTree = "<group>";
		};
/* End PBXVariantGroup section */

/* Begin XCBuildConfiguration section */
		836BC24E192AD6AA00B37E12 /* Debug */ = {
			isa = XCBuildConfiguration;
			baseConfigurationReference = 1277DB1D82A446AD83390C38 /* Pods.xcconfig */;
			buildSettings = {
				DSTROOT = /tmp/libSails.dst;
				GCC_PRECOMPILE_PREFIX_HEADER = YES;
				GCC_PREFIX_HEADER = "libSails/libSails-Prefix.pch";
				GCC_PREPROCESSOR_DEFINITIONS = (
					"DEBUG=1",
					"$(inherited)",
				);
				OTHER_LDFLAGS = "-ObjC";
				PRODUCT_NAME = "$(TARGET_NAME)";
				SKIP_INSTALL = YES;
			};
			name = Debug;
		};
		836BC24F192AD6AA00B37E12 /* Release */ = {
			isa = XCBuildConfiguration;
			baseConfigurationReference = 1277DB1D82A446AD83390C38 /* Pods.xcconfig */;
			buildSettings = {
				DSTROOT = /tmp/libSails.dst;
				GCC_PRECOMPILE_PREFIX_HEADER = YES;
				GCC_PREFIX_HEADER = "libSails/libSails-Prefix.pch";
				OTHER_LDFLAGS = "-ObjC";
				PRODUCT_NAME = "$(TARGET_NAME)";
				SKIP_INSTALL = YES;
			};
			name = Release;
		};
		836BC2B6192AD7C900B37E12 /* Debug */ = {
			isa = XCBuildConfiguration;
			baseConfigurationReference = 1277DB1D82A446AD83390C38 /* Pods.xcconfig */;
			buildSettings = {
				ASSETCATALOG_COMPILER_APPICON_NAME = AppIcon;
				ASSETCATALOG_COMPILER_LAUNCHIMAGE_NAME = LaunchImage;
				GCC_PRECOMPILE_PREFIX_HEADER = YES;
				GCC_PREFIX_HEADER = "example/example-Prefix.pch";
				GCC_PREPROCESSOR_DEFINITIONS = (
					"DEBUG=1",
					"$(inherited)",
				);
				INFOPLIST_FILE = "example/example-Info.plist";
				PRODUCT_NAME = "$(TARGET_NAME)";
				WRAPPER_EXTENSION = app;
			};
			name = Debug;
		};
		836BC2B7192AD7C900B37E12 /* Release */ = {
			isa = XCBuildConfiguration;
			baseConfigurationReference = 1277DB1D82A446AD83390C38 /* Pods.xcconfig */;
			buildSettings = {
				ASSETCATALOG_COMPILER_APPICON_NAME = AppIcon;
				ASSETCATALOG_COMPILER_LAUNCHIMAGE_NAME = LaunchImage;
				GCC_PRECOMPILE_PREFIX_HEADER = YES;
				GCC_PREFIX_HEADER = "example/example-Prefix.pch";
				INFOPLIST_FILE = "example/example-Info.plist";
				PRODUCT_NAME = "$(TARGET_NAME)";
				WRAPPER_EXTENSION = app;
			};
			name = Release;
		};
		83B09086192333C900BBAA07 /* Debug */ = {
			isa = XCBuildConfiguration;
			buildSettings = {
				ALWAYS_SEARCH_USER_PATHS = NO;
				CLANG_CXX_LANGUAGE_STANDARD = "gnu++0x";
				CLANG_CXX_LIBRARY = "libc++";
				CLANG_ENABLE_MODULES = YES;
				CLANG_ENABLE_OBJC_ARC = YES;
				CLANG_WARN_BOOL_CONVERSION = YES;
				CLANG_WARN_CONSTANT_CONVERSION = YES;
				CLANG_WARN_DIRECT_OBJC_ISA_USAGE = YES_ERROR;
				CLANG_WARN_EMPTY_BODY = YES;
				CLANG_WARN_ENUM_CONVERSION = YES;
				CLANG_WARN_INT_CONVERSION = YES;
				CLANG_WARN_OBJC_ROOT_CLASS = YES_ERROR;
				CLANG_WARN__DUPLICATE_METHOD_MATCH = YES;
				"CODE_SIGN_IDENTITY[sdk=iphoneos*]" = "iPhone Developer";
				COPY_PHASE_STRIP = NO;
				GCC_C_LANGUAGE_STANDARD = gnu99;
				GCC_DYNAMIC_NO_PIC = NO;
				GCC_OPTIMIZATION_LEVEL = 0;
				GCC_PREPROCESSOR_DEFINITIONS = (
					"DEBUG=1",
					"$(inherited)",
				);
				GCC_SYMBOLS_PRIVATE_EXTERN = NO;
				GCC_WARN_64_TO_32_BIT_CONVERSION = YES;
				GCC_WARN_ABOUT_RETURN_TYPE = YES_ERROR;
				GCC_WARN_UNDECLARED_SELECTOR = YES;
				GCC_WARN_UNINITIALIZED_AUTOS = YES_AGGRESSIVE;
				GCC_WARN_UNUSED_FUNCTION = YES;
				GCC_WARN_UNUSED_VARIABLE = YES;
				IPHONEOS_DEPLOYMENT_TARGET = 7.0;
				ONLY_ACTIVE_ARCH = YES;
				SDKROOT = iphoneos;
			};
			name = Debug;
		};
		83B09087192333C900BBAA07 /* Release */ = {
			isa = XCBuildConfiguration;
			buildSettings = {
				ALWAYS_SEARCH_USER_PATHS = NO;
				CLANG_CXX_LANGUAGE_STANDARD = "gnu++0x";
				CLANG_CXX_LIBRARY = "libc++";
				CLANG_ENABLE_MODULES = YES;
				CLANG_ENABLE_OBJC_ARC = YES;
				CLANG_WARN_BOOL_CONVERSION = YES;
				CLANG_WARN_CONSTANT_CONVERSION = YES;
				CLANG_WARN_DIRECT_OBJC_ISA_USAGE = YES_ERROR;
				CLANG_WARN_EMPTY_BODY = YES;
				CLANG_WARN_ENUM_CONVERSION = YES;
				CLANG_WARN_INT_CONVERSION = YES;
				CLANG_WARN_OBJC_ROOT_CLASS = YES_ERROR;
				CLANG_WARN__DUPLICATE_METHOD_MATCH = YES;
				"CODE_SIGN_IDENTITY[sdk=iphoneos*]" = "iPhone Developer";
				COPY_PHASE_STRIP = YES;
				ENABLE_NS_ASSERTIONS = NO;
				GCC_C_LANGUAGE_STANDARD = gnu99;
				GCC_WARN_64_TO_32_BIT_CONVERSION = YES;
				GCC_WARN_ABOUT_RETURN_TYPE = YES_ERROR;
				GCC_WARN_UNDECLARED_SELECTOR = YES;
				GCC_WARN_UNINITIALIZED_AUTOS = YES_AGGRESSIVE;
				GCC_WARN_UNUSED_FUNCTION = YES;
				GCC_WARN_UNUSED_VARIABLE = YES;
				IPHONEOS_DEPLOYMENT_TARGET = 7.0;
				SDKROOT = iphoneos;
				VALIDATE_PRODUCT = YES;
			};
			name = Release;
		};
		83B0908C192333C900BBAA07 /* Debug */ = {
			isa = XCBuildConfiguration;
			baseConfigurationReference = 1277DB1D82A446AD83390C38 /* Pods.xcconfig */;
			buildSettings = {
				BUNDLE_LOADER = "$(BUILT_PRODUCTS_DIR)/example.app/example";
				FRAMEWORK_SEARCH_PATHS = (
					"$(SDKROOT)/Developer/Library/Frameworks",
					"$(inherited)",
					"$(DEVELOPER_FRAMEWORKS_DIR)",
				);
				GCC_PRECOMPILE_PREFIX_HEADER = YES;
				GCC_PREFIX_HEADER = "example/example-Prefix.pch";
				GCC_PREPROCESSOR_DEFINITIONS = (
					"DEBUG=1",
					"$(inherited)",
				);
				INFOPLIST_FILE = "sails.iosTests/sails.iosTests-Info.plist";
				PRODUCT_NAME = "$(TARGET_NAME)";
				TEST_HOST = "$(BUNDLE_LOADER)";
				WRAPPER_EXTENSION = xctest;
			};
			name = Debug;
		};
		83B0908D192333C900BBAA07 /* Release */ = {
			isa = XCBuildConfiguration;
			baseConfigurationReference = 1277DB1D82A446AD83390C38 /* Pods.xcconfig */;
			buildSettings = {
				BUNDLE_LOADER = "$(BUILT_PRODUCTS_DIR)/example.app/example";
				FRAMEWORK_SEARCH_PATHS = (
					"$(SDKROOT)/Developer/Library/Frameworks",
					"$(inherited)",
					"$(DEVELOPER_FRAMEWORKS_DIR)",
				);
				GCC_PRECOMPILE_PREFIX_HEADER = YES;
				GCC_PREFIX_HEADER = "example/example-Prefix.pch";
				INFOPLIST_FILE = "sails.iosTests/sails.iosTests-Info.plist";
				PRODUCT_NAME = "$(TARGET_NAME)";
				TEST_HOST = "$(BUNDLE_LOADER)";
				WRAPPER_EXTENSION = xctest;
			};
			name = Release;
		};
/* End XCBuildConfiguration section */

/* Begin XCConfigurationList section */
		836BC24D192AD6AA00B37E12 /* Build configuration list for PBXNativeTarget "libSails" */ = {
			isa = XCConfigurationList;
			buildConfigurations = (
				836BC24E192AD6AA00B37E12 /* Debug */,
				836BC24F192AD6AA00B37E12 /* Release */,
			);
			defaultConfigurationIsVisible = 0;
			defaultConfigurationName = Release;
		};
		836BC2B5192AD7C900B37E12 /* Build configuration list for PBXNativeTarget "example" */ = {
			isa = XCConfigurationList;
			buildConfigurations = (
				836BC2B6192AD7C900B37E12 /* Debug */,
				836BC2B7192AD7C900B37E12 /* Release */,
			);
			defaultConfigurationIsVisible = 0;
			defaultConfigurationName = Release;
		};
		83B09051192333C900BBAA07 /* Build configuration list for PBXProject "sails.ios" */ = {
			isa = XCConfigurationList;
			buildConfigurations = (
				83B09086192333C900BBAA07 /* Debug */,
				83B09087192333C900BBAA07 /* Release */,
			);
			defaultConfigurationIsVisible = 0;
			defaultConfigurationName = Release;
		};
		83B0908B192333C900BBAA07 /* Build configuration list for PBXNativeTarget "sails.iosTests" */ = {
			isa = XCConfigurationList;
			buildConfigurations = (
				83B0908C192333C900BBAA07 /* Debug */,
				83B0908D192333C900BBAA07 /* Release */,
			);
			defaultConfigurationIsVisible = 0;
			defaultConfigurationName = Release;
		};
/* End XCConfigurationList section */
	};
	rootObject = 83B0904E192333C900BBAA07 /* Project object */;
}
